
Microsoft Visual Studio Solution File, Format Version 12.00
# Visual Studio Version 16
VisualStudioVersion = 16.0.31515.178
MinimumVisualStudioVersion = 10.0.40219.1
Project("{FAE04EC0-301F-11D3-BF4B-00C04F79EFBC}") = "Transportbedrijf", "Transportbedrijf\Transportbedrijf.csproj", "{55AA43F0-CB3C-47AA-9DC4-318652D69487}"
EndProject
Global
	GlobalSection(SolutionConfigurationPlatforms) = preSolution
		Debug|Any CPU = Debug|Any CPU
		Release|Any CPU = Release|Any CPU
	EndGlobalSection
	GlobalSection(ProjectConfigurationPlatforms) = postSolution
		{55AA43F0-CB3C-47AA-9DC4-318652D69487}.Debug|Any CPU.ActiveCfg = Debug|Any CPU
		{55AA43F0-CB3C-47AA-9DC4-318652D69487}.Debug|Any CPU.Build.0 = Debug|Any CPU
		{55AA43F0-CB3C-47AA-9DC4-318652D69487}.Release|Any CPU.ActiveCfg = Release|Any CPU
		{55AA43F0-CB3C-47AA-9DC4-318652D69487}.Release|Any CPU.Build.0 = Release|Any CPU
	EndGlobalSection
	GlobalSection(SolutionProperties) = preSolution
		HideSolutionNode = FALSE
	EndGlobalSection
	GlobalSection(ExtensibilityGlobals) = postSolution
		SolutionGuid = {91A8B2B1-FD43-41D9-BA7A-153215B3606D}
	EndGlobalSection
EndGlobal
